
Microsoft Visual Studio Solution File, Format Version 12.00
# Visual Studio Version 17
VisualStudioVersion = 17.0.31423.177
MinimumVisualStudioVersion = 10.0.40219.1
Project("{FAE04EC0-301F-11D3-BF4B-00C04F79EFBC}") = "php_upgrader", "php_upgrader\php_upgrader.csproj", "{77D0C408-CD61-4DCA-9C0E-8CA09DA91B9C}"
EndProject
Global
	GlobalSection(SolutionConfigurationPlatforms) = preSolution
		Debug|Any CPU = Debug|Any CPU
		Release|Any CPU = Release|Any CPU
	EndGlobalSection
	GlobalSection(ProjectConfigurationPlatforms) = postSolution
		{77D0C408-CD61-4DCA-9C0E-8CA09DA91B9C}.Debug|Any CPU.ActiveCfg = Debug|Any CPU
		{77D0C408-CD61-4DCA-9C0E-8CA09DA91B9C}.Debug|Any CPU.Build.0 = Debug|Any CPU
		{77D0C408-CD61-4DCA-9C0E-8CA09DA91B9C}.Release|Any CPU.ActiveCfg = Release|Any CPU
		{77D0C408-CD61-4DCA-9C0E-8CA09DA91B9C}.Release|Any CPU.Build.0 = Release|Any CPU
	EndGlobalSection
	GlobalSection(SolutionProperties) = preSolution
		HideSolutionNode = FALSE
	EndGlobalSection
	GlobalSection(ExtensibilityGlobals) = postSolution
		SolutionGuid = {BE27770B-55C7-486D-8087-5957D4BD5566}
	EndGlobalSection
EndGlobal
