
Microsoft Visual Studio Solution File, Format Version 12.00
# Visual Studio Version 17
VisualStudioVersion = 17.0.31423.177
MinimumVisualStudioVersion = 10.0.40219.1
Project("{9A19103F-16F7-4668-BE54-9A1E7A4F7556}") = "PhpUpgrader", "PhpUpgrader\PhpUpgrader.csproj", "{77D0C408-CD61-4DCA-9C0E-8CA09DA91B9C}"
EndProject
Project("{9A19103F-16F7-4668-BE54-9A1E7A4F7556}") = "PhpUpgrader.Tests", "PhpUpgrader.Tests\PhpUpgrader.Tests.csproj", "{6D670EA2-4188-4DC6-8AA5-293CB2A6FE58}"
EndProject
Project("{2150E333-8FDC-42A3-9474-1A3956D46DE8}") = "Solution Items", "Solution Items", "{75EA2830-48FE-4968-9583-B32C99A2667A}"
	ProjectSection(SolutionItems) = preProject
		.editorconfig = .editorconfig
		..\.gitignore = ..\.gitignore
		..\.github\workflows\dotnet.yml = ..\.github\workflows\dotnet.yml
		..\README.md = ..\README.md
	EndProjectSection
EndProject
Project("{9A19103F-16F7-4668-BE54-9A1E7A4F7556}") = "DbUpdater", "DbUpdater\DbUpdater.csproj", "{E322BF0F-C6A0-4611-B4BB-A3E74258DC4A}"
EndProject
Project("{9A19103F-16F7-4668-BE54-9A1E7A4F7556}") = "FtpSync", "FtpSync\FtpSync.csproj", "{C255443F-8713-465F-9DA4-B9C6379B3191}"
EndProject
Global
	GlobalSection(SolutionConfigurationPlatforms) = preSolution
		Debug|Any CPU = Debug|Any CPU
		Release|Any CPU = Release|Any CPU
	EndGlobalSection
	GlobalSection(ProjectConfigurationPlatforms) = postSolution
		{77D0C408-CD61-4DCA-9C0E-8CA09DA91B9C}.Debug|Any CPU.ActiveCfg = Debug|Any CPU
		{77D0C408-CD61-4DCA-9C0E-8CA09DA91B9C}.Debug|Any CPU.Build.0 = Debug|Any CPU
		{77D0C408-CD61-4DCA-9C0E-8CA09DA91B9C}.Release|Any CPU.ActiveCfg = Release|Any CPU
		{77D0C408-CD61-4DCA-9C0E-8CA09DA91B9C}.Release|Any CPU.Build.0 = Release|Any CPU
		{6D670EA2-4188-4DC6-8AA5-293CB2A6FE58}.Debug|Any CPU.ActiveCfg = Debug|Any CPU
		{6D670EA2-4188-4DC6-8AA5-293CB2A6FE58}.Debug|Any CPU.Build.0 = Debug|Any CPU
		{6D670EA2-4188-4DC6-8AA5-293CB2A6FE58}.Release|Any CPU.ActiveCfg = Release|Any CPU
		{6D670EA2-4188-4DC6-8AA5-293CB2A6FE58}.Release|Any CPU.Build.0 = Release|Any CPU
		{E322BF0F-C6A0-4611-B4BB-A3E74258DC4A}.Debug|Any CPU.ActiveCfg = Debug|Any CPU
		{E322BF0F-C6A0-4611-B4BB-A3E74258DC4A}.Debug|Any CPU.Build.0 = Debug|Any CPU
		{E322BF0F-C6A0-4611-B4BB-A3E74258DC4A}.Release|Any CPU.ActiveCfg = Release|Any CPU
		{E322BF0F-C6A0-4611-B4BB-A3E74258DC4A}.Release|Any CPU.Build.0 = Release|Any CPU
		{C255443F-8713-465F-9DA4-B9C6379B3191}.Debug|Any CPU.ActiveCfg = Debug|Any CPU
		{C255443F-8713-465F-9DA4-B9C6379B3191}.Debug|Any CPU.Build.0 = Debug|Any CPU
		{C255443F-8713-465F-9DA4-B9C6379B3191}.Release|Any CPU.ActiveCfg = Release|Any CPU
		{C255443F-8713-465F-9DA4-B9C6379B3191}.Release|Any CPU.Build.0 = Release|Any CPU
	EndGlobalSection
	GlobalSection(SolutionProperties) = preSolution
		HideSolutionNode = FALSE
	EndGlobalSection
	GlobalSection(ExtensibilityGlobals) = postSolution
		SolutionGuid = {BE27770B-55C7-486D-8087-5957D4BD5566}
	EndGlobalSection
EndGlobal
